// !$*UTF8*$!
{
	archiveVersion = 1;
	classes = {
	};
	objectVersion = 46;
	objects = {

/* Begin PBXBuildFile section */
		B078A8371B5F396800BE50B0 /* FontCodes.m in Sources */ = {isa = PBXBuildFile; fileRef = B078A8361B5F396800BE50B0 /* FontCodes.m */; };
		B078A8391B5F44C100BE50B0 /* iconfonts.ttf in Resources */ = {isa = PBXBuildFile; fileRef = B078A8381B5F44C100BE50B0 /* iconfonts.ttf */; };
		B078A83C1B5F4BC900BE50B0 /* UIButton+XS.m in Sources */ = {isa = PBXBuildFile; fileRef = B078A83B1B5F4BC900BE50B0 /* UIButton+XS.m */; };
		B0D6AAE61B5F282A007E0FA9 /* main.m in Sources */ = {isa = PBXBuildFile; fileRef = B0D6AAE51B5F282A007E0FA9 /* main.m */; };
		B0D6AAE91B5F282A007E0FA9 /* AppDelegate.m in Sources */ = {isa = PBXBuildFile; fileRef = B0D6AAE81B5F282A007E0FA9 /* AppDelegate.m */; };
		B0D6AAEC1B5F282A007E0FA9 /* ViewController.m in Sources */ = {isa = PBXBuildFile; fileRef = B0D6AAEB1B5F282A007E0FA9 /* ViewController.m */; };
		B0D6AAEF1B5F282A007E0FA9 /* Main.storyboard in Resources */ = {isa = PBXBuildFile; fileRef = B0D6AAED1B5F282A007E0FA9 /* Main.storyboard */; };
		B0D6AAF11B5F282A007E0FA9 /* Images.xcassets in Resources */ = {isa = PBXBuildFile; fileRef = B0D6AAF01B5F282A007E0FA9 /* Images.xcassets */; };
		B0D6AAF41B5F282A007E0FA9 /* LaunchScreen.xib in Resources */ = {isa = PBXBuildFile; fileRef = B0D6AAF21B5F282A007E0FA9 /* LaunchScreen.xib */; };
		B0D6AB001B5F282A007E0FA9 /* IconFontTests.m in Sources */ = {isa = PBXBuildFile; fileRef = B0D6AAFF1B5F282A007E0FA9 /* IconFontTests.m */; };
/* End PBXBuildFile section */

/* Begin PBXContainerItemProxy section */
		B0D6AAFA1B5F282A007E0FA9 /* PBXContainerItemProxy */ = {
			isa = PBXContainerItemProxy;
			containerPortal = B0D6AAD81B5F282A007E0FA9 /* Project object */;
			proxyType = 1;
			remoteGlobalIDString = B0D6AADF1B5F282A007E0FA9;
			remoteInfo = IconFont;
		};
/* End PBXContainerItemProxy section */

/* Begin PBXFileReference section */
		B078A8351B5F396800BE50B0 /* FontCodes.h */ = {isa = PBXFileReference; fileEncoding = 4; lastKnownFileType = sourcecode.c.h; path = FontCodes.h; sourceTree = "<group>"; };
		B078A8361B5F396800BE50B0 /* FontCodes.m */ = {isa = PBXFileReference; fileEncoding = 4; lastKnownFileType = sourcecode.c.objc; path = FontCodes.m; sourceTree = "<group>"; };
		B078A8381B5F44C100BE50B0 /* iconfonts.ttf */ = {isa = PBXFileReference; lastKnownFileType = file; path = iconfonts.ttf; sourceTree = "<group>"; };
		B078A83A1B5F4BC900BE50B0 /* UIButton+XS.h */ = {isa = PBXFileReference; fileEncoding = 4; lastKnownFileType = sourcecode.c.h; path = "UIButton+XS.h"; sourceTree = "<group>"; };
		B078A83B1B5F4BC900BE50B0 /* UIButton+XS.m */ = {isa = PBXFileReference; fileEncoding = 4; lastKnownFileType = sourcecode.c.objc; path = "UIButton+XS.m"; sourceTree = "<group>"; };
		B0D6AAE01B5F282A007E0FA9 /* IconFont.app */ = {isa = PBXFileReference; explicitFileType = wrapper.application; includeInIndex = 0; path = IconFont.app; sourceTree = BUILT_PRODUCTS_DIR; };
		B0D6AAE41B5F282A007E0FA9 /* Info.plist */ = {isa = PBXFileReference; lastKnownFileType = text.plist.xml; path = Info.plist; sourceTree = "<group>"; };
		B0D6AAE51B5F282A007E0FA9 /* main.m */ = {isa = PBXFileReference; lastKnownFileType = sourcecode.c.objc; path = main.m; sourceTree = "<group>"; };
		B0D6AAE71B5F282A007E0FA9 /* AppDelegate.h */ = {isa = PBXFileReference; lastKnownFileType = sourcecode.c.h; path = AppDelegate.h; sourceTree = "<group>"; };
		B0D6AAE81B5F282A007E0FA9 /* AppDelegate.m */ = {isa = PBXFileReference; lastKnownFileType = sourcecode.c.objc; path = AppDelegate.m; sourceTree = "<group>"; };
		B0D6AAEA1B5F282A007E0FA9 /* ViewController.h */ = {isa = PBXFileReference; lastKnownFileType = sourcecode.c.h; path = ViewController.h; sourceTree = "<group>"; };
		B0D6AAEB1B5F282A007E0FA9 /* ViewController.m */ = {isa = PBXFileReference; lastKnownFileType = sourcecode.c.objc; path = ViewController.m; sourceTree = "<group>"; };
		B0D6AAEE1B5F282A007E0FA9 /* Base */ = {isa = PBXFileReference; lastKnownFileType = file.storyboard; name = Base; path = Base.lproj/Main.storyboard; sourceTree = "<group>"; };
		B0D6AAF01B5F282A007E0FA9 /* Images.xcassets */ = {isa = PBXFileReference; lastKnownFileType = folder.assetcatalog; path = Images.xcassets; sourceTree = "<group>"; };
		B0D6AAF31B5F282A007E0FA9 /* Base */ = {isa = PBXFileReference; lastKnownFileType = file.xib; name = Base; path = Base.lproj/LaunchScreen.xib; sourceTree = "<group>"; };
		B0D6AAF91B5F282A007E0FA9 /* IconFontTests.xctest */ = {isa = PBXFileReference; explicitFileType = wrapper.cfbundle; includeInIndex = 0; path = IconFontTests.xctest; sourceTree = BUILT_PRODUCTS_DIR; };
		B0D6AAFE1B5F282A007E0FA9 /* Info.plist */ = {isa = PBXFileReference; lastKnownFileType = text.plist.xml; path = Info.plist; sourceTree = "<group>"; };
		B0D6AAFF1B5F282A007E0FA9 /* IconFontTests.m */ = {isa = PBXFileReference; lastKnownFileType = sourcecode.c.objc; path = IconFontTests.m; sourceTree = "<group>"; };
/* End PBXFileReference section */

/* Begin PBXFrameworksBuildPhase section */
		B0D6AADD1B5F282A007E0FA9 /* Frameworks */ = {
			isa = PBXFrameworksBuildPhase;
			buildActionMask = 2147483647;
			files = (
			);
			runOnlyForDeploymentPostprocessing = 0;
		};
		B0D6AAF61B5F282A007E0FA9 /* Frameworks */ = {
			isa = PBXFrameworksBuildPhase;
			buildActionMask = 2147483647;
			files = (
			);
			runOnlyForDeploymentPostprocessing = 0;
		};
/* End PBXFrameworksBuildPhase section */

/* Begin PBXGroup section */
		B0D6AAD71B5F282A007E0FA9 = {
			isa = PBXGroup;
			children = (
				B0D6AAE21B5F282A007E0FA9 /* IconFont */,
				B0D6AAFC1B5F282A007E0FA9 /* IconFontTests */,
				B0D6AAE11B5F282A007E0FA9 /* Products */,
			);
			sourceTree = "<group>";
		};
		B0D6AAE11B5F282A007E0FA9 /* Products */ = {
			isa = PBXGroup;
			children = (
				B0D6AAE01B5F282A007E0FA9 /* IconFont.app */,
				B0D6AAF91B5F282A007E0FA9 /* IconFontTests.xctest */,
			);
			name = Products;
			sourceTree = "<group>";
		};
		B0D6AAE21B5F282A007E0FA9 /* IconFont */ = {
			isa = PBXGroup;
			children = (
				B078A8351B5F396800BE50B0 /* FontCodes.h */,
				B078A8361B5F396800BE50B0 /* FontCodes.m */,
				B0D6AAE71B5F282A007E0FA9 /* AppDelegate.h */,
				B0D6AAE81B5F282A007E0FA9 /* AppDelegate.m */,
				B0D6AAEA1B5F282A007E0FA9 /* ViewController.h */,
				B0D6AAEB1B5F282A007E0FA9 /* ViewController.m */,
				B0D6AAED1B5F282A007E0FA9 /* Main.storyboard */,
				B0D6AAF01B5F282A007E0FA9 /* Images.xcassets */,
				B0D6AAF21B5F282A007E0FA9 /* LaunchScreen.xib */,
				B0D6AAE31B5F282A007E0FA9 /* Supporting Files */,
				B078A83A1B5F4BC900BE50B0 /* UIButton+XS.h */,
				B078A83B1B5F4BC900BE50B0 /* UIButton+XS.m */,
			);
			path = IconFont;
			sourceTree = "<group>";
		};
		B0D6AAE31B5F282A007E0FA9 /* Supporting Files */ = {
			isa = PBXGroup;
			children = (
				B078A8381B5F44C100BE50B0 /* iconfonts.ttf */,
				B0D6AAE41B5F282A007E0FA9 /* Info.plist */,
				B0D6AAE51B5F282A007E0FA9 /* main.m */,
			);
			name = "Supporting Files";
			sourceTree = "<group>";
		};
		B0D6AAFC1B5F282A007E0FA9 /* IconFontTests */ = {
			isa = PBXGroup;
			children = (
				B0D6AAFF1B5F282A007E0FA9 /* IconFontTests.m */,
				B0D6AAFD1B5F282A007E0FA9 /* Supporting Files */,
			);
			path = IconFontTests;
			sourceTree = "<group>";
		};
		B0D6AAFD1B5F282A007E0FA9 /* Supporting Files */ = {
			isa = PBXGroup;
			children = (
				B0D6AAFE1B5F282A007E0FA9 /* Info.plist */,
			);
			name = "Supporting Files";
			sourceTree = "<group>";
		};
/* End PBXGroup section */

/* Begin PBXNativeTarget section */
		B0D6AADF1B5F282A007E0FA9 /* IconFont */ = {
			isa = PBXNativeTarget;
			buildConfigurationList = B0D6AB031B5F282A007E0FA9 /* Build configuration list for PBXNativeTarget "IconFont" */;
			buildPhases = (
				B0D6AADC1B5F282A007E0FA9 /* Sources */,
				B0D6AADD1B5F282A007E0FA9 /* Frameworks */,
				B0D6AADE1B5F282A007E0FA9 /* Resources */,
			);
			buildRules = (
			);
			dependencies = (
			);
			name = IconFont;
			productName = IconFont;
			productReference = B0D6AAE01B5F282A007E0FA9 /* IconFont.app */;
			productType = "com.apple.product-type.application";
		};
		B0D6AAF81B5F282A007E0FA9 /* IconFontTests */ = {
			isa = PBXNativeTarget;
			buildConfigurationList = B0D6AB061B5F282A007E0FA9 /* Build configuration list for PBXNativeTarget "IconFontTests" */;
			buildPhases = (
				B0D6AAF51B5F282A007E0FA9 /* Sources */,
				B0D6AAF61B5F282A007E0FA9 /* Frameworks */,
				B0D6AAF71B5F282A007E0FA9 /* Resources */,
			);
			buildRules = (
			);
			dependencies = (
				B0D6AAFB1B5F282A007E0FA9 /* PBXTargetDependency */,
			);
			name = IconFontTests;
			productName = IconFontTests;
			productReference = B0D6AAF91B5F282A007E0FA9 /* IconFontTests.xctest */;
			productType = "com.apple.product-type.bundle.unit-test";
		};
/* End PBXNativeTarget section */

/* Begin PBXProject section */
		B0D6AAD81B5F282A007E0FA9 /* Project object */ = {
			isa = PBXProject;
			attributes = {
				LastUpgradeCheck = 0640;
				ORGANIZATIONNAME = "李雪松";
				TargetAttributes = {
					B0D6AADF1B5F282A007E0FA9 = {
						CreatedOnToolsVersion = 6.4;
					};
					B0D6AAF81B5F282A007E0FA9 = {
						CreatedOnToolsVersion = 6.4;
						TestTargetID = B0D6AADF1B5F282A007E0FA9;
					};
				};
			};
			buildConfigurationList = B0D6AADB1B5F282A007E0FA9 /* Build configuration list for PBXProject "IconFont" */;
			compatibilityVersion = "Xcode 3.2";
			developmentRegion = English;
			hasScannedForEncodings = 0;
			knownRegions = (
				en,
				Base,
			);
			mainGroup = B0D6AAD71B5F282A007E0FA9;
			productRefGroup = B0D6AAE11B5F282A007E0FA9 /* Products */;
			projectDirPath = "";
			projectRoot = "";
			targets = (
				B0D6AADF1B5F282A007E0FA9 /* IconFont */,
				B0D6AAF81B5F282A007E0FA9 /* IconFontTests */,
			);
		};
/* End PBXProject section */

/* Begin PBXResourcesBuildPhase section */
		B0D6AADE1B5F282A007E0FA9 /* Resources */ = {
			isa = PBXResourcesBuildPhase;
			buildActionMask = 2147483647;
			files = (
				B078A8391B5F44C100BE50B0 /* iconfonts.ttf in Resources */,
				B0D6AAEF1B5F282A007E0FA9 /* Main.storyboard in Resources */,
				B0D6AAF41B5F282A007E0FA9 /* LaunchScreen.xib in Resources */,
				B0D6AAF11B5F282A007E0FA9 /* Images.xcassets in Resources */,
			);
			runOnlyForDeploymentPostprocessing = 0;
		};
		B0D6AAF71B5F282A007E0FA9 /* Resources */ = {
			isa = PBXResourcesBuildPhase;
			buildActionMask = 2147483647;
			files = (
			);
			runOnlyForDeploymentPostprocessing = 0;
		};
/* End PBXResourcesBuildPhase section */

/* Begin PBXSourcesBuildPhase section */
		B0D6AADC1B5F282A007E0FA9 /* Sources */ = {
			isa = PBXSourcesBuildPhase;
			buildActionMask = 2147483647;
			files = (
				B0D6AAEC1B5F282A007E0FA9 /* ViewController.m in Sources */,
				B0D6AAE91B5F282A007E0FA9 /* AppDelegate.m in Sources */,
				B0D6AAE61B5F282A007E0FA9 /* main.m in Sources */,
				B078A8371B5F396800BE50B0 /* FontCodes.m in Sources */,
				B078A83C1B5F4BC900BE50B0 /* UIButton+XS.m in Sources */,
			);
			runOnlyForDeploymentPostprocessing = 0;
		};
		B0D6AAF51B5F282A007E0FA9 /* Sources */ = {
			isa = PBXSourcesBuildPhase;
			buildActionMask = 2147483647;
			files = (
				B0D6AB001B5F282A007E0FA9 /* IconFontTests.m in Sources */,
			);
			runOnlyForDeploymentPostprocessing = 0;
		};
/* End PBXSourcesBuildPhase section */

/* Begin PBXTargetDependency section */
		B0D6AAFB1B5F282A007E0FA9 /* PBXTargetDependency */ = {
			isa = PBXTargetDependency;
			target = B0D6AADF1B5F282A007E0FA9 /* IconFont */;
			targetProxy = B0D6AAFA1B5F282A007E0FA9 /* PBXContainerItemProxy */;
		};
/* End PBXTargetDependency section */

/* Begin PBXVariantGroup section */
		B0D6AAED1B5F282A007E0FA9 /* Main.storyboard */ = {
			isa = PBXVariantGroup;
			children = (
				B0D6AAEE1B5F282A007E0FA9 /* Base */,
			);
			name = Main.storyboard;
			sourceTree = "<group>";
		};
		B0D6AAF21B5F282A007E0FA9 /* LaunchScreen.xib */ = {
			isa = PBXVariantGroup;
			children = (
				B0D6AAF31B5F282A007E0FA9 /* Base */,
			);
			name = LaunchScreen.xib;
			sourceTree = "<group>";
		};
/* End PBXVariantGroup section */

/* Begin XCBuildConfiguration section */
		B0D6AB011B5F282A007E0FA9 /* Debug */ = {
			isa = XCBuildConfiguration;
			buildSettings = {
				ALWAYS_SEARCH_USER_PATHS = NO;
				CLANG_CXX_LANGUAGE_STANDARD = "gnu++0x";
				CLANG_CXX_LIBRARY = "libc++";
				CLANG_ENABLE_MODULES = YES;
				CLANG_ENABLE_OBJC_ARC = YES;
				CLANG_WARN_BOOL_CONVERSION = YES;
				CLANG_WARN_CONSTANT_CONVERSION = YES;
				CLANG_WARN_DIRECT_OBJC_ISA_USAGE = YES_ERROR;
				CLANG_WARN_EMPTY_BODY = YES;
				CLANG_WARN_ENUM_CONVERSION = YES;
				CLANG_WARN_INT_CONVERSION = YES;
				CLANG_WARN_OBJC_ROOT_CLASS = YES_ERROR;
				CLANG_WARN_UNREACHABLE_CODE = YES;
				CLANG_WARN__DUPLICATE_METHOD_MATCH = YES;
				"CODE_SIGN_IDENTITY[sdk=iphoneos*]" = "iPhone Developer";
				COPY_PHASE_STRIP = NO;
				DEBUG_INFORMATION_FORMAT = "dwarf-with-dsym";
				ENABLE_STRICT_OBJC_MSGSEND = YES;
				GCC_C_LANGUAGE_STANDARD = gnu99;
				GCC_DYNAMIC_NO_PIC = NO;
				GCC_NO_COMMON_BLOCKS = YES;
				GCC_OPTIMIZATION_LEVEL = 0;
				GCC_PREPROCESSOR_DEFINITIONS = (
					"DEBUG=1",
					"$(inherited)",
				);
				GCC_SYMBOLS_PRIVATE_EXTERN = NO;
				GCC_WARN_64_TO_32_BIT_CONVERSION = YES;
				GCC_WARN_ABOUT_RETURN_TYPE = YES_ERROR;
				GCC_WARN_UNDECLARED_SELECTOR = YES;
				GCC_WARN_UNINITIALIZED_AUTOS = YES_AGGRESSIVE;
				GCC_WARN_UNUSED_FUNCTION = YES;
				GCC_WARN_UNUSED_VARIABLE = YES;
				IPHONEOS_DEPLOYMENT_TARGET = 8.4;
				MTL_ENABLE_DEBUG_INFO = YES;
				ONLY_ACTIVE_ARCH = YES;
				SDKROOT = iphoneos;
			};
			name = Debug;
		};
		B0D6AB021B5F282A007E0FA9 /* Release */ = {
			isa = XCBuildConfiguration;
			buildSettings = {
				ALWAYS_SEARCH_USER_PATHS = NO;
				CLANG_CXX_LANGUAGE_STANDARD = "gnu++0x";
				CLANG_CXX_LIBRARY = "libc++";
				CLANG_ENABLE_MODULES = YES;
				CLANG_ENABLE_OBJC_ARC = YES;
				CLANG_WARN_BOOL_CONVERSION = YES;
				CLANG_WARN_CONSTANT_CONVERSION = YES;
				CLANG_WARN_DIRECT_OBJC_ISA_USAGE = YES_ERROR;
				CLANG_WARN_EMPTY_BODY = YES;
				CLANG_WARN_ENUM_CONVERSION = YES;
				CLANG_WARN_INT_CONVERSION = YES;
				CLANG_WARN_OBJC_ROOT_CLASS = YES_ERROR;
				CLANG_WARN_UNREACHABLE_CODE = YES;
				CLANG_WARN__DUPLICATE_METHOD_MATCH = YES;
				"CODE_SIGN_IDENTITY[sdk=iphoneos*]" = "iPhone Developer";
				COPY_PHASE_STRIP = NO;
				DEBUG_INFORMATION_FORMAT = "dwarf-with-dsym";
				ENABLE_NS_ASSERTIONS = NO;
				ENABLE_STRICT_OBJC_MSGSEND = YES;
				GCC_C_LANGUAGE_STANDARD = gnu99;
				GCC_NO_COMMON_BLOCKS = YES;
				GCC_WARN_64_TO_32_BIT_CONVERSION = YES;
				GCC_WARN_ABOUT_RETURN_TYPE = YES_ERROR;
				GCC_WARN_UNDECLARED_SELECTOR = YES;
				GCC_WARN_UNINITIALIZED_AUTOS = YES_AGGRESSIVE;
				GCC_WARN_UNUSED_FUNCTION = YES;
				GCC_WARN_UNUSED_VARIABLE = YES;
				IPHONEOS_DEPLOYMENT_TARGET = 8.4;
				MTL_ENABLE_DEBUG_INFO = NO;
				SDKROOT = iphoneos;
				VALIDATE_PRODUCT = YES;
			};
			name = Release;
		};
		B0D6AB041B5F282A007E0FA9 /* Debug */ = {
			isa = XCBuildConfiguration;
			buildSettings = {
				ASSETCATALOG_COMPILER_APPICON_NAME = AppIcon;
				INFOPLIST_FILE = IconFont/Info.plist;
				LD_RUNPATH_SEARCH_PATHS = "$(inherited) @executable_path/Frameworks";
				PRODUCT_NAME = "$(TARGET_NAME)";
			};
			name = Debug;
		};
		B0D6AB051B5F282A007E0FA9 /* Release */ = {
			isa = XCBuildConfiguration;
			buildSettings = {
				ASSETCATALOG_COMPILER_APPICON_NAME = AppIcon;
				INFOPLIST_FILE = IconFont/Info.plist;
				LD_RUNPATH_SEARCH_PATHS = "$(inherited) @executable_path/Frameworks";
				PRODUCT_NAME = "$(TARGET_NAME)";
			};
			name = Release;
		};
		B0D6AB071B5F282A007E0FA9 /* Debug */ = {
			isa = XCBuildConfiguration;
			buildSettings = {
				BUNDLE_LOADER = "$(TEST_HOST)";
				FRAMEWORK_SEARCH_PATHS = (
					"$(SDKROOT)/Developer/Library/Frameworks",
					"$(inherited)",
				);
				GCC_PREPROCESSOR_DEFINITIONS = (
					"DEBUG=1",
					"$(inherited)",
				);
				INFOPLIST_FILE = IconFontTests/Info.plist;
				LD_RUNPATH_SEARCH_PATHS = "$(inherited) @executable_path/Frameworks @loader_path/Frameworks";
				PRODUCT_NAME = "$(TARGET_NAME)";
				TEST_HOST = "$(BUILT_PRODUCTS_DIR)/IconFont.app/IconFont";
			};
			name = Debug;
		};
		B0D6AB081B5F282A007E0FA9 /* Release */ = {
			isa = XCBuildConfiguration;
			buildSettings = {
				BUNDLE_LOADER = "$(TEST_HOST)";
				FRAMEWORK_SEARCH_PATHS = (
					"$(SDKROOT)/Developer/Library/Frameworks",
					"$(inherited)",
				);
				INFOPLIST_FILE = IconFontTests/Info.plist;
				LD_RUNPATH_SEARCH_PATHS = "$(inherited) @executable_path/Frameworks @loader_path/Frameworks";
				PRODUCT_NAME = "$(TARGET_NAME)";
				TEST_HOST = "$(BUILT_PRODUCTS_DIR)/IconFont.app/IconFont";
			};
			name = Release;
		};
/* End XCBuildConfiguration section */

/* Begin XCConfigurationList section */
		B0D6AADB1B5F282A007E0FA9 /* Build configuration list for PBXProject "IconFont" */ = {
			isa = XCConfigurationList;
			buildConfigurations = (
				B0D6AB011B5F282A007E0FA9 /* Debug */,
				B0D6AB021B5F282A007E0FA9 /* Release */,
			);
			defaultConfigurationIsVisible = 0;
			defaultConfigurationName = Release;
		};
		B0D6AB031B5F282A007E0FA9 /* Build configuration list for PBXNativeTarget "IconFont" */ = {
			isa = XCConfigurationList;
			buildConfigurations = (
				B0D6AB041B5F282A007E0FA9 /* Debug */,
				B0D6AB051B5F282A007E0FA9 /* Release */,
			);
			defaultConfigurationIsVisible = 0;
			defaultConfigurationName = Release;
		};
		B0D6AB061B5F282A007E0FA9 /* Build configuration list for PBXNativeTarget "IconFontTests" */ = {
			isa = XCConfigurationList;
			buildConfigurations = (
				B0D6AB071B5F282A007E0FA9 /* Debug */,
				B0D6AB081B5F282A007E0FA9 /* Release */,
			);
			defaultConfigurationIsVisible = 0;
			defaultConfigurationName = Release;
		};
/* End XCConfigurationList section */
	};
	rootObject = B0D6AAD81B5F282A007E0FA9 /* Project object */;
}
